Microsoft Visual Studio Solution File, Format Version 10.00
# Visual Studio 2008
Project("{2150E333-8FDC-42A3-9474-1A3956D46DE8}") = "Solution Files", "Solution Files", "{A867F17E-4DAD-423C-ABB3-AAAECD757A4B}"
EndProject
Project("{FAE04EC0-301F-11D3-BF4B-00C04F79EFBC}") = "OpenMetaverse.GUI", "OpenMetaverse.GUI\OpenMetaverse.GUI.csproj", "{F52E999B-BE3A-4AB7-8411-7F55886CF397}"
EndProject
Project("{FAE04EC0-301F-11D3-BF4B-00C04F79EFBC}") = "GridImageUpload", "Programs\GridImageUpload\GridImageUpload.csproj", "{4A2911D9-E5AB-43E8-B175-5973676B2A08}"
EndProject
Project("{FAE04EC0-301F-11D3-BF4B-00C04F79EFBC}") = "GridAccountant", "Programs\examples\GridAccountant\GridAccountant.csproj", "{8DC0DB3D-80C4-48B0-9CDA-01B479ED36A9}"
EndProject
Project("{FAE04EC0-301F-11D3-BF4B-00C04F79EFBC}") = "OpenMetaverseTypes", "OpenMetaverse\Types\OpenMetaverseTypes.csproj", "{528E86C4-38DD-435F-9458-4165C2B12D0A}"
EndProject
Project("{FAE04EC0-301F-11D3-BF4B-00C04F79EFBC}") = "groupmanager", "Programs\examples\groupmanager\groupmanager.csproj", "{AC7BD791-2A6D-4656-9A45-0B774BE31AA1}"
EndProject
Project("{FAE04EC0-301F-11D3-BF4B-00C04F79EFBC}") = "GridProxyApp", "Programs\GridProxy\GridProxyApp.csproj", "{07C70DEA-D20D-404D-A2A8-31D62F7C4323}"
EndProject
Project("{FAE04EC0-301F-11D3-BF4B-00C04F79EFBC}") = "Dashboard", "Programs\examples\Dashboard\Dashboard.csproj", "{8DCD134B-68AE-496D-9B2B-FAE840B5C76A}"
EndProject
Project("{FAE04EC0-301F-11D3-BF4B-00C04F79EFBC}") = "OpenMetaverse.Http", "OpenMetaverse.Http\OpenMetaverse.Http.csproj", "{BC2860B5-EA88-4D9C-9873-7BF56EAFC7A9}"
EndProject
Project("{FAE04EC0-301F-11D3-BF4B-00C04F79EFBC}") = "Baker", "Programs\Baker\Baker.csproj", "{FDFBFE69-EFD3-485A-AF60-CE142B92AD1B}"
EndProject
Project("{FAE04EC0-301F-11D3-BF4B-00C04F79EFBC}") = "VoiceTest", "Programs\VoiceTest\VoiceTest.csproj", "{7C999D54-FFD7-440A-ABC6-66225CEC0884}"
EndProject
Project("{FAE04EC0-301F-11D3-BF4B-00C04F79EFBC}") = "OpenMetaverse.Rendering.Meshmerizer", "OpenMetaverse.Rendering.Meshmerizer\OpenMetaverse.Rendering.Meshmerizer.csproj", "{D2ACE9FF-36AF-477E-82DD-BA0A499F7ACD}"
EndProject
Project("{FAE04EC0-301F-11D3-BF4B-00C04F79EFBC}") = "GridProxy", "Programs\GridProxy\GridProxy.csproj", "{3C979E5D-4DA6-4801-BEF9-2A67273559D5}"
EndProject
Project("{FAE04EC0-301F-11D3-BF4B-00C04F79EFBC}") = "importprimscript", "Programs\importprimscript\importprimscript.csproj", "{1DA64D78-3E66-441B-8C2C-1DA2D23315E4}"
EndProject
Project("{FAE04EC0-301F-11D3-BF4B-00C04F79EFBC}") = "OpenMetaverse.Rendering.Simple", "OpenMetaverse.Rendering.Simple\OpenMetaverse.Rendering.Simple.csproj", "{3ECF3873-5101-4377-9BFE-3BAD8D47461B}"
EndProject
Project("{FAE04EC0-301F-11D3-BF4B-00C04F79EFBC}") = "SimExport", "Programs\SimExport\SimExport.csproj", "{2D3B4BF4-77CF-49EA-ACB0-E4D5C85DC576}"
EndProject
Project("{FAE04EC0-301F-11D3-BF4B-00C04F79EFBC}") = "Heightmap", "Programs\examples\Heightmap\Heightmap.csproj", "{AC3572DA-60DA-4F70-BBC7-93AA21444BD9}"
EndProject
Project("{FAE04EC0-301F-11D3-BF4B-00C04F79EFBC}") = "mapgenerator", "Programs\mapgenerator\mapgenerator.csproj", "{656B5E11-9A87-4ABF-B335-5EAEA6C68DDB}"
EndProject
Project("{FAE04EC0-301F-11D3-BF4B-00C04F79EFBC}") = "OpenMetaverse.Utilities", "OpenMetaverse.Utilities\OpenMetaverse.Utilities.csproj", "{B2DB6387-FD30-4F7D-99CF-3F05A067F115}"
EndProject
Project("{FAE04EC0-301F-11D3-BF4B-00C04F79EFBC}") = "OpenMetaverse", "OpenMetaverse\OpenMetaverse.csproj", "{D8BA1862-3FC4-4C62-8209-8CABA7667116}"
EndProject
Project("{FAE04EC0-301F-11D3-BF4B-00C04F79EFBC}") = "PacketDump", "Programs\examples\PacketDump\PacketDump.csproj", "{82E47258-4F5F-41BE-AC4D-E493D3BBA1C0}"
EndProject
Project("{FAE04EC0-301F-11D3-BF4B-00C04F79EFBC}") = "VisualParamGenerator", "Programs\VisualParamGenerator\VisualParamGenerator.csproj", "{6F1E89D2-6CA2-4317-9DF5-166F95EEE6CB}"
EndProject
Project("{FAE04EC0-301F-11D3-BF4B-00C04F79EFBC}") = "AvatarPreview", "Programs\AvatarPreview\AvatarPreview.csproj", "{67BDBD0C-10DB-4A03-814A-731F0E36D7A2}"
EndProject
Project("{FAE04EC0-301F-11D3-BF4B-00C04F79EFBC}") = "OpenMetaverse.Tests", "OpenMetaverse.Tests\OpenMetaverse.Tests.csproj", "{064618CD-1F94-4EA8-BBA1-6E57A3E3CC77}"
EndProject
Project("{FAE04EC0-301F-11D3-BF4B-00C04F79EFBC}") = "TestClient", "Programs\examples\TestClient\TestClient.csproj", "{1DE51D8B-6AF1-4582-B873-D09C2CA25D39}"
EndProject
Project("{FAE04EC0-301F-11D3-BF4B-00C04F79EFBC}") = "SecondGlance", "Programs\SecondGlance\SecondGlance.csproj", "{B37B7E8F-CDA9-48B1-A26E-736AAC424B87}"
EndProject
Project("{FAE04EC0-301F-11D3-BF4B-00C04F79EFBC}") = "OpenMetaverse.StructuredData", "OpenMetaverse.StructuredData\OpenMetaverse.StructuredData.csproj", "{DC187B75-EE04-4A0D-B4A4-56EFA62535E3}"
EndProject
Project("{FAE04EC0-301F-11D3-BF4B-00C04F79EFBC}") = "PrimWorkshop", "Programs\PrimWorkshop\PrimWorkshop.csproj", "{347C90A1-8FA6-4CB0-BC92-F7C880822337}"
EndProject
Project("{FAE04EC0-301F-11D3-BF4B-00C04F79EFBC}") = "HttpServer", "HttpServer\HttpServer.csproj", "{455E7D70-1C85-4D7F-9F01-DC801B8B8C34}"
EndProject
Project("{FAE04EC0-301F-11D3-BF4B-00C04F79EFBC}") = "AssGrab", "GridProxyPlugins\AssGrab\AssGrab.csproj", "{D72FB62E-B3B4-45DF-BBD1-4E6A2B157427}"
EndProject
Project("{FAE04EC0-301F-11D3-BF4B-00C04F79EFBC}") = "AwayIM", "GridProxyPlugins\AwayIM\AwayIM.csproj", "{9B8C4678-F66C-4590-BFD6-FBD34FE1844D}"
EndProject
Project("{FAE04EC0-301F-11D3-BF4B-00C04F79EFBC}") = "bla", "GridProxyPlugins\Bla\bla.csproj", "{462B3F24-B66D-457B-A5B0-AC111D76A815}"
EndProject
Project("{FAE04EC0-301F-11D3-BF4B-00C04F79EFBC}") = "cloner", "GridProxyPlugins\cloner\cloner.csproj", "{EA756DC3-6B20-4F3F-84EE-CD5331902EE0}"
EndProject
Project("{FAE04EC0-301F-11D3-BF4B-00C04F79EFBC}") = "GayLord", "GridProxyPlugins\GayLord\GayLord.csproj", "{680040D0-D3D5-40B8-9E45-314A18484691}"
EndProject
Project("{FAE04EC0-301F-11D3-BF4B-00C04F79EFBC}") = "GroupSex", "GridProxyPlugins\GroupSex\GroupSex.csproj", "{1C08DC2B-547D-4B54-9CCE-AA8583B124F3}"
EndProject
Project("{FAE04EC0-301F-11D3-BF4B-00C04F79EFBC}") = "test", "GridProxyPlugins\test\test\test.csproj", "{DCAC103B-54A1-4807-8D21-9FF993C72957}"
EndProject
Project("{FAE04EC0-301F-11D3-BF4B-00C04F79EFBC}") = "SexCapture", "GridProxyPlugins\SexCapture\SexCapture.csproj", "{081EE467-C8B3-4325-AD2F-5A4EAC430C51}"
EndProject
Project("{FAE04EC0-301F-11D3-BF4B-00C04F79EFBC}") = "Shadow", "GridProxyPlugins\Shadow\Shadow.csproj", "{51FF8724-2F5B-4AFA-B779-D9DA8E40B29D}"
EndProject
Project("{FAE04EC0-301F-11D3-BF4B-00C04F79EFBC}") = "Spazaz", "GridProxyPlugins\Spazaz\Spazaz.csproj", "{7DC7BBE8-D854-4D55-A501-4F112F5C7D60}"
EndProject
Project("{FAE04EC0-301F-11D3-BF4B-00C04F79EFBC}") = "TextureGrab", "GridProxyPlugins\TextureGrab\TextureGrab.csproj", "{699D25BB-C7AD-46AF-A054-2B775D64A829}"
EndProject
Project("{FAE04EC0-301F-11D3-BF4B-00C04F79EFBC}") = "useful", "GridProxyPlugins\useful\useful.csproj", "{7096F9C2-B34F-44C9-A14D-DF0E188CD69D}"
EndProject
Project("{FAE04EC0-301F-11D3-BF4B-00C04F79EFBC}") = "PubComb", "GridProxyPlugins\PlugComb\PubComb.csproj", "{6D6C8460-B38E-4061-9348-6BC1D8E8B5E8}"
EndProject
Project("{FAE04EC0-301F-11D3-BF4B-00C04F79EFBC}") = "ztake", "GridProxyPlugins\ztake\ztake.csproj", "{D459FDB1-4BCA-4F87-B14D-7896F71507F2}"
EndProject
Project("{FAE04EC0-301F-11D3-BF4B-00C04F79EFBC}") = "SecondLifePlugins", "GridProxyPlugins\SecondLifePlugins\SecondLifePlugins.csproj", "{49401843-F1DF-4337-B2A2-527CC7FBC2B9}"
EndProject
Project("{FAE04EC0-301F-11D3-BF4B-00C04F79EFBC}") = "coin", "GridProxyPlugins\coin\coin.csproj", "{8DE316C9-C686-436D-B523-85F614FEB5F4}"
EndProject
Project("{FAE04EC0-301F-11D3-BF4B-00C04F79EFBC}") = "SxeChan", "GridProxyPlugins\SxeChan\SxeChan.csproj", "{0B5E5783-2F73-45EC-985D-781939A9849E}"
EndProject
Project("{FAE04EC0-301F-11D3-BF4B-00C04F79EFBC}") = "ChatSpam", "WindowsFormsApplication1\ChatSpam.csproj", "{CEA39B0C-2882-4A71-B07E-E116D04AD304}"
EndProject
Project("{FAE04EC0-301F-11D3-BF4B-00C04F79EFBC}") = "MapItemLogger", "MapItemLogger\MapItemLogger.csproj", "{99639DE3-CEC3-4074-90B7-EE07EA7757FE}"
EndProject
Global
	GlobalSection(SolutionConfigurationPlatforms) = preSolution
		Debug|Any CPU = Debug|Any CPU
		Release|Any CPU = Release|Any CPU
		Test|Any CPU = Test|Any CPU
	EndGlobalSection
	GlobalSection(ProjectConfigurationPlatforms) = postSolution
		{F52E999B-BE3A-4AB7-8411-7F55886CF397}.Debug|Any CPU.ActiveCfg = Debug|Any CPU
		{F52E999B-BE3A-4AB7-8411-7F55886CF397}.Debug|Any CPU.Build.0 = Debug|Any CPU
		{F52E999B-BE3A-4AB7-8411-7F55886CF397}.Release|Any CPU.ActiveCfg = Release|Any CPU
		{F52E999B-BE3A-4AB7-8411-7F55886CF397}.Release|Any CPU.Build.0 = Release|Any CPU
		{F52E999B-BE3A-4AB7-8411-7F55886CF397}.Test|Any CPU.ActiveCfg = Release|Any CPU
		{F52E999B-BE3A-4AB7-8411-7F55886CF397}.Test|Any CPU.Build.0 = Release|Any CPU
		{4A2911D9-E5AB-43E8-B175-5973676B2A08}.Debug|Any CPU.ActiveCfg = Debug|Any CPU
		{4A2911D9-E5AB-43E8-B175-5973676B2A08}.Debug|Any CPU.Build.0 = Debug|Any CPU
		{4A2911D9-E5AB-43E8-B175-5973676B2A08}.Release|Any CPU.ActiveCfg = Release|Any CPU
		{4A2911D9-E5AB-43E8-B175-5973676B2A08}.Release|Any CPU.Build.0 = Release|Any CPU
		{4A2911D9-E5AB-43E8-B175-5973676B2A08}.Test|Any CPU.ActiveCfg = Release|Any CPU
		{4A2911D9-E5AB-43E8-B175-5973676B2A08}.Test|Any CPU.Build.0 = Release|Any CPU
		{8DC0DB3D-80C4-48B0-9CDA-01B479ED36A9}.Debug|Any CPU.ActiveCfg = Debug|Any CPU
		{8DC0DB3D-80C4-48B0-9CDA-01B479ED36A9}.Debug|Any CPU.Build.0 = Debug|Any CPU
		{8DC0DB3D-80C4-48B0-9CDA-01B479ED36A9}.Release|Any CPU.ActiveCfg = Release|Any CPU
		{8DC0DB3D-80C4-48B0-9CDA-01B479ED36A9}.Release|Any CPU.Build.0 = Release|Any CPU
		{8DC0DB3D-80C4-48B0-9CDA-01B479ED36A9}.Test|Any CPU.ActiveCfg = Release|Any CPU
		{8DC0DB3D-80C4-48B0-9CDA-01B479ED36A9}.Test|Any CPU.Build.0 = Release|Any CPU
		{528E86C4-38DD-435F-9458-4165C2B12D0A}.Debug|Any CPU.ActiveCfg = Debug|Any CPU
		{528E86C4-38DD-435F-9458-4165C2B12D0A}.Debug|Any CPU.Build.0 = Debug|Any CPU
		{528E86C4-38DD-435F-9458-4165C2B12D0A}.Release|Any CPU.ActiveCfg = Release|Any CPU
		{528E86C4-38DD-435F-9458-4165C2B12D0A}.Release|Any CPU.Build.0 = Release|Any CPU
		{528E86C4-38DD-435F-9458-4165C2B12D0A}.Test|Any CPU.ActiveCfg = Release|Any CPU
		{528E86C4-38DD-435F-9458-4165C2B12D0A}.Test|Any CPU.Build.0 = Release|Any CPU
		{AC7BD791-2A6D-4656-9A45-0B774BE31AA1}.Debug|Any CPU.ActiveCfg = Debug|Any CPU
		{AC7BD791-2A6D-4656-9A45-0B774BE31AA1}.Debug|Any CPU.Build.0 = Debug|Any CPU
		{AC7BD791-2A6D-4656-9A45-0B774BE31AA1}.Release|Any CPU.ActiveCfg = Release|Any CPU
		{AC7BD791-2A6D-4656-9A45-0B774BE31AA1}.Release|Any CPU.Build.0 = Release|Any CPU
		{AC7BD791-2A6D-4656-9A45-0B774BE31AA1}.Test|Any CPU.ActiveCfg = Release|Any CPU
		{AC7BD791-2A6D-4656-9A45-0B774BE31AA1}.Test|Any CPU.Build.0 = Release|Any CPU
		{07C70DEA-D20D-404D-A2A8-31D62F7C4323}.Debug|Any CPU.ActiveCfg = Debug|Any CPU
		{07C70DEA-D20D-404D-A2A8-31D62F7C4323}.Debug|Any CPU.Build.0 = Debug|Any CPU
		{07C70DEA-D20D-404D-A2A8-31D62F7C4323}.Release|Any CPU.ActiveCfg = Release|Any CPU
		{07C70DEA-D20D-404D-A2A8-31D62F7C4323}.Release|Any CPU.Build.0 = Release|Any CPU
		{07C70DEA-D20D-404D-A2A8-31D62F7C4323}.Test|Any CPU.ActiveCfg = Release|Any CPU
		{07C70DEA-D20D-404D-A2A8-31D62F7C4323}.Test|Any CPU.Build.0 = Release|Any CPU
		{8DCD134B-68AE-496D-9B2B-FAE840B5C76A}.Debug|Any CPU.ActiveCfg = Debug|Any CPU
		{8DCD134B-68AE-496D-9B2B-FAE840B5C76A}.Debug|Any CPU.Build.0 = Debug|Any CPU
		{8DCD134B-68AE-496D-9B2B-FAE840B5C76A}.Release|Any CPU.ActiveCfg = Release|Any CPU
		{8DCD134B-68AE-496D-9B2B-FAE840B5C76A}.Release|Any CPU.Build.0 = Release|Any CPU
		{8DCD134B-68AE-496D-9B2B-FAE840B5C76A}.Test|Any CPU.ActiveCfg = Release|Any CPU
		{8DCD134B-68AE-496D-9B2B-FAE840B5C76A}.Test|Any CPU.Build.0 = Release|Any CPU
		{BC2860B5-EA88-4D9C-9873-7BF56EAFC7A9}.Debug|Any CPU.ActiveCfg = Debug|Any CPU
		{BC2860B5-EA88-4D9C-9873-7BF56EAFC7A9}.Debug|Any CPU.Build.0 = Debug|Any CPU
		{BC2860B5-EA88-4D9C-9873-7BF56EAFC7A9}.Release|Any CPU.ActiveCfg = Release|Any CPU
		{BC2860B5-EA88-4D9C-9873-7BF56EAFC7A9}.Release|Any CPU.Build.0 = Release|Any CPU
		{BC2860B5-EA88-4D9C-9873-7BF56EAFC7A9}.Test|Any CPU.ActiveCfg = Release|Any CPU
		{BC2860B5-EA88-4D9C-9873-7BF56EAFC7A9}.Test|Any CPU.Build.0 = Release|Any CPU
		{FDFBFE69-EFD3-485A-AF60-CE142B92AD1B}.Debug|Any CPU.ActiveCfg = Debug|Any CPU
		{FDFBFE69-EFD3-485A-AF60-CE142B92AD1B}.Debug|Any CPU.Build.0 = Debug|Any CPU
		{FDFBFE69-EFD3-485A-AF60-CE142B92AD1B}.Release|Any CPU.ActiveCfg = Release|Any CPU
		{FDFBFE69-EFD3-485A-AF60-CE142B92AD1B}.Release|Any CPU.Build.0 = Release|Any CPU
		{FDFBFE69-EFD3-485A-AF60-CE142B92AD1B}.Test|Any CPU.ActiveCfg = Release|Any CPU
		{FDFBFE69-EFD3-485A-AF60-CE142B92AD1B}.Test|Any CPU.Build.0 = Release|Any CPU
		{7C999D54-FFD7-440A-ABC6-66225CEC0884}.Debug|Any CPU.ActiveCfg = Debug|Any CPU
		{7C999D54-FFD7-440A-ABC6-66225CEC0884}.Debug|Any CPU.Build.0 = Debug|Any CPU
		{7C999D54-FFD7-440A-ABC6-66225CEC0884}.Release|Any CPU.ActiveCfg = Release|Any CPU
		{7C999D54-FFD7-440A-ABC6-66225CEC0884}.Release|Any CPU.Build.0 = Release|Any CPU
		{7C999D54-FFD7-440A-ABC6-66225CEC0884}.Test|Any CPU.ActiveCfg = Release|Any CPU
		{7C999D54-FFD7-440A-ABC6-66225CEC0884}.Test|Any CPU.Build.0 = Release|Any CPU
		{D2ACE9FF-36AF-477E-82DD-BA0A499F7ACD}.Debug|Any CPU.ActiveCfg = Debug|Any CPU
		{D2ACE9FF-36AF-477E-82DD-BA0A499F7ACD}.Debug|Any CPU.Build.0 = Debug|Any CPU
		{D2ACE9FF-36AF-477E-82DD-BA0A499F7ACD}.Release|Any CPU.ActiveCfg = Release|Any CPU
		{D2ACE9FF-36AF-477E-82DD-BA0A499F7ACD}.Release|Any CPU.Build.0 = Release|Any CPU
		{D2ACE9FF-36AF-477E-82DD-BA0A499F7ACD}.Test|Any CPU.ActiveCfg = Release|Any CPU
		{D2ACE9FF-36AF-477E-82DD-BA0A499F7ACD}.Test|Any CPU.Build.0 = Release|Any CPU
		{3C979E5D-4DA6-4801-BEF9-2A67273559D5}.Debug|Any CPU.ActiveCfg = Debug|Any CPU
		{3C979E5D-4DA6-4801-BEF9-2A67273559D5}.Debug|Any CPU.Build.0 = Debug|Any CPU
		{3C979E5D-4DA6-4801-BEF9-2A67273559D5}.Release|Any CPU.ActiveCfg = Release|Any CPU
		{3C979E5D-4DA6-4801-BEF9-2A67273559D5}.Release|Any CPU.Build.0 = Release|Any CPU
		{3C979E5D-4DA6-4801-BEF9-2A67273559D5}.Test|Any CPU.ActiveCfg = Release|Any CPU
		{3C979E5D-4DA6-4801-BEF9-2A67273559D5}.Test|Any CPU.Build.0 = Release|Any CPU
		{1DA64D78-3E66-441B-8C2C-1DA2D23315E4}.Debug|Any CPU.ActiveCfg = Debug|Any CPU
		{1DA64D78-3E66-441B-8C2C-1DA2D23315E4}.Debug|Any CPU.Build.0 = Debug|Any CPU
		{1DA64D78-3E66-441B-8C2C-1DA2D23315E4}.Release|Any CPU.ActiveCfg = Release|Any CPU
		{1DA64D78-3E66-441B-8C2C-1DA2D23315E4}.Release|Any CPU.Build.0 = Release|Any CPU
		{1DA64D78-3E66-441B-8C2C-1DA2D23315E4}.Test|Any CPU.ActiveCfg = Release|Any CPU
		{1DA64D78-3E66-441B-8C2C-1DA2D23315E4}.Test|Any CPU.Build.0 = Release|Any CPU
		{3ECF3873-5101-4377-9BFE-3BAD8D47461B}.Debug|Any CPU.ActiveCfg = Debug|Any CPU
		{3ECF3873-5101-4377-9BFE-3BAD8D47461B}.Debug|Any CPU.Build.0 = Debug|Any CPU
		{3ECF3873-5101-4377-9BFE-3BAD8D47461B}.Release|Any CPU.ActiveCfg = Release|Any CPU
		{3ECF3873-5101-4377-9BFE-3BAD8D47461B}.Release|Any CPU.Build.0 = Release|Any CPU
		{3ECF3873-5101-4377-9BFE-3BAD8D47461B}.Test|Any CPU.ActiveCfg = Release|Any CPU
		{3ECF3873-5101-4377-9BFE-3BAD8D47461B}.Test|Any CPU.Build.0 = Release|Any CPU
		{2D3B4BF4-77CF-49EA-ACB0-E4D5C85DC576}.Debug|Any CPU.ActiveCfg = Debug|Any CPU
		{2D3B4BF4-77CF-49EA-ACB0-E4D5C85DC576}.Debug|Any CPU.Build.0 = Debug|Any CPU
		{2D3B4BF4-77CF-49EA-ACB0-E4D5C85DC576}.Release|Any CPU.ActiveCfg = Release|Any CPU
		{2D3B4BF4-77CF-49EA-ACB0-E4D5C85DC576}.Release|Any CPU.Build.0 = Release|Any CPU
		{2D3B4BF4-77CF-49EA-ACB0-E4D5C85DC576}.Test|Any CPU.ActiveCfg = Release|Any CPU
		{2D3B4BF4-77CF-49EA-ACB0-E4D5C85DC576}.Test|Any CPU.Build.0 = Release|Any CPU
		{AC3572DA-60DA-4F70-BBC7-93AA21444BD9}.Debug|Any CPU.ActiveCfg = Debug|Any CPU
		{AC3572DA-60DA-4F70-BBC7-93AA21444BD9}.Debug|Any CPU.Build.0 = Debug|Any CPU
		{AC3572DA-60DA-4F70-BBC7-93AA21444BD9}.Release|Any CPU.ActiveCfg = Release|Any CPU
		{AC3572DA-60DA-4F70-BBC7-93AA21444BD9}.Release|Any CPU.Build.0 = Release|Any CPU
		{AC3572DA-60DA-4F70-BBC7-93AA21444BD9}.Test|Any CPU.ActiveCfg = Release|Any CPU
		{AC3572DA-60DA-4F70-BBC7-93AA21444BD9}.Test|Any CPU.Build.0 = Release|Any CPU
		{656B5E11-9A87-4ABF-B335-5EAEA6C68DDB}.Debug|Any CPU.ActiveCfg = Debug|Any CPU
		{656B5E11-9A87-4ABF-B335-5EAEA6C68DDB}.Debug|Any CPU.Build.0 = Debug|Any CPU
		{656B5E11-9A87-4ABF-B335-5EAEA6C68DDB}.Release|Any CPU.ActiveCfg = Release|Any CPU
		{656B5E11-9A87-4ABF-B335-5EAEA6C68DDB}.Release|Any CPU.Build.0 = Release|Any CPU
		{656B5E11-9A87-4ABF-B335-5EAEA6C68DDB}.Test|Any CPU.ActiveCfg = Release|Any CPU
		{656B5E11-9A87-4ABF-B335-5EAEA6C68DDB}.Test|Any CPU.Build.0 = Release|Any CPU
		{B2DB6387-FD30-4F7D-99CF-3F05A067F115}.Debug|Any CPU.ActiveCfg = Debug|Any CPU
		{B2DB6387-FD30-4F7D-99CF-3F05A067F115}.Debug|Any CPU.Build.0 = Debug|Any CPU
		{B2DB6387-FD30-4F7D-99CF-3F05A067F115}.Release|Any CPU.ActiveCfg = Release|Any CPU
		{B2DB6387-FD30-4F7D-99CF-3F05A067F115}.Release|Any CPU.Build.0 = Release|Any CPU
		{B2DB6387-FD30-4F7D-99CF-3F05A067F115}.Test|Any CPU.ActiveCfg = Release|Any CPU
		{B2DB6387-FD30-4F7D-99CF-3F05A067F115}.Test|Any CPU.Build.0 = Release|Any CPU
		{D8BA1862-3FC4-4C62-8209-8CABA7667116}.Debug|Any CPU.ActiveCfg = Debug|Any CPU
		{D8BA1862-3FC4-4C62-8209-8CABA7667116}.Debug|Any CPU.Build.0 = Debug|Any CPU
		{D8BA1862-3FC4-4C62-8209-8CABA7667116}.Release|Any CPU.ActiveCfg = Release|Any CPU
		{D8BA1862-3FC4-4C62-8209-8CABA7667116}.Release|Any CPU.Build.0 = Release|Any CPU
		{D8BA1862-3FC4-4C62-8209-8CABA7667116}.Test|Any CPU.ActiveCfg = Release|Any CPU
		{D8BA1862-3FC4-4C62-8209-8CABA7667116}.Test|Any CPU.Build.0 = Release|Any CPU
		{82E47258-4F5F-41BE-AC4D-E493D3BBA1C0}.Debug|Any CPU.ActiveCfg = Debug|Any CPU
		{82E47258-4F5F-41BE-AC4D-E493D3BBA1C0}.Debug|Any CPU.Build.0 = Debug|Any CPU
		{82E47258-4F5F-41BE-AC4D-E493D3BBA1C0}.Release|Any CPU.ActiveCfg = Release|Any CPU
		{82E47258-4F5F-41BE-AC4D-E493D3BBA1C0}.Release|Any CPU.Build.0 = Release|Any CPU
		{82E47258-4F5F-41BE-AC4D-E493D3BBA1C0}.Test|Any CPU.ActiveCfg = Release|Any CPU
		{82E47258-4F5F-41BE-AC4D-E493D3BBA1C0}.Test|Any CPU.Build.0 = Release|Any CPU
		{6F1E89D2-6CA2-4317-9DF5-166F95EEE6CB}.Debug|Any CPU.ActiveCfg = Debug|Any CPU
		{6F1E89D2-6CA2-4317-9DF5-166F95EEE6CB}.Debug|Any CPU.Build.0 = Debug|Any CPU
		{6F1E89D2-6CA2-4317-9DF5-166F95EEE6CB}.Release|Any CPU.ActiveCfg = Release|Any CPU
		{6F1E89D2-6CA2-4317-9DF5-166F95EEE6CB}.Release|Any CPU.Build.0 = Release|Any CPU
		{6F1E89D2-6CA2-4317-9DF5-166F95EEE6CB}.Test|Any CPU.ActiveCfg = Release|Any CPU
		{6F1E89D2-6CA2-4317-9DF5-166F95EEE6CB}.Test|Any CPU.Build.0 = Release|Any CPU
		{67BDBD0C-10DB-4A03-814A-731F0E36D7A2}.Debug|Any CPU.ActiveCfg = Debug|Any CPU
		{67BDBD0C-10DB-4A03-814A-731F0E36D7A2}.Debug|Any CPU.Build.0 = Debug|Any CPU
		{67BDBD0C-10DB-4A03-814A-731F0E36D7A2}.Release|Any CPU.ActiveCfg = Release|Any CPU
		{67BDBD0C-10DB-4A03-814A-731F0E36D7A2}.Release|Any CPU.Build.0 = Release|Any CPU
		{67BDBD0C-10DB-4A03-814A-731F0E36D7A2}.Test|Any CPU.ActiveCfg = Release|Any CPU
		{67BDBD0C-10DB-4A03-814A-731F0E36D7A2}.Test|Any CPU.Build.0 = Release|Any CPU
		{064618CD-1F94-4EA8-BBA1-6E57A3E3CC77}.Debug|Any CPU.ActiveCfg = Debug|Any CPU
		{064618CD-1F94-4EA8-BBA1-6E57A3E3CC77}.Debug|Any CPU.Build.0 = Debug|Any CPU
		{064618CD-1F94-4EA8-BBA1-6E57A3E3CC77}.Release|Any CPU.ActiveCfg = Release|Any CPU
		{064618CD-1F94-4EA8-BBA1-6E57A3E3CC77}.Release|Any CPU.Build.0 = Release|Any CPU
		{064618CD-1F94-4EA8-BBA1-6E57A3E3CC77}.Test|Any CPU.ActiveCfg = Release|Any CPU
		{064618CD-1F94-4EA8-BBA1-6E57A3E3CC77}.Test|Any CPU.Build.0 = Release|Any CPU
		{1DE51D8B-6AF1-4582-B873-D09C2CA25D39}.Debug|Any CPU.ActiveCfg = Debug|Any CPU
		{1DE51D8B-6AF1-4582-B873-D09C2CA25D39}.Debug|Any CPU.Build.0 = Debug|Any CPU
		{1DE51D8B-6AF1-4582-B873-D09C2CA25D39}.Release|Any CPU.ActiveCfg = Release|Any CPU
		{1DE51D8B-6AF1-4582-B873-D09C2CA25D39}.Release|Any CPU.Build.0 = Release|Any CPU
		{1DE51D8B-6AF1-4582-B873-D09C2CA25D39}.Test|Any CPU.ActiveCfg = Release|Any CPU
		{1DE51D8B-6AF1-4582-B873-D09C2CA25D39}.Test|Any CPU.Build.0 = Release|Any CPU
		{B37B7E8F-CDA9-48B1-A26E-736AAC424B87}.Debug|Any CPU.ActiveCfg = Debug|Any CPU
		{B37B7E8F-CDA9-48B1-A26E-736AAC424B87}.Debug|Any CPU.Build.0 = Debug|Any CPU
		{B37B7E8F-CDA9-48B1-A26E-736AAC424B87}.Release|Any CPU.ActiveCfg = Release|Any CPU
		{B37B7E8F-CDA9-48B1-A26E-736AAC424B87}.Release|Any CPU.Build.0 = Release|Any CPU
		{B37B7E8F-CDA9-48B1-A26E-736AAC424B87}.Test|Any CPU.ActiveCfg = Release|Any CPU
		{B37B7E8F-CDA9-48B1-A26E-736AAC424B87}.Test|Any CPU.Build.0 = Release|Any CPU
		{DC187B75-EE04-4A0D-B4A4-56EFA62535E3}.Debug|Any CPU.ActiveCfg = Debug|Any CPU
		{DC187B75-EE04-4A0D-B4A4-56EFA62535E3}.Debug|Any CPU.Build.0 = Debug|Any CPU
		{DC187B75-EE04-4A0D-B4A4-56EFA62535E3}.Release|Any CPU.ActiveCfg = Release|Any CPU
		{DC187B75-EE04-4A0D-B4A4-56EFA62535E3}.Release|Any CPU.Build.0 = Release|Any CPU
		{DC187B75-EE04-4A0D-B4A4-56EFA62535E3}.Test|Any CPU.ActiveCfg = Release|Any CPU
		{DC187B75-EE04-4A0D-B4A4-56EFA62535E3}.Test|Any CPU.Build.0 = Release|Any CPU
		{347C90A1-8FA6-4CB0-BC92-F7C880822337}.Debug|Any CPU.ActiveCfg = Debug|Any CPU
		{347C90A1-8FA6-4CB0-BC92-F7C880822337}.Debug|Any CPU.Build.0 = Debug|Any CPU
		{347C90A1-8FA6-4CB0-BC92-F7C880822337}.Release|Any CPU.ActiveCfg = Release|Any CPU
		{347C90A1-8FA6-4CB0-BC92-F7C880822337}.Release|Any CPU.Build.0 = Release|Any CPU
		{347C90A1-8FA6-4CB0-BC92-F7C880822337}.Test|Any CPU.ActiveCfg = Release|Any CPU
		{347C90A1-8FA6-4CB0-BC92-F7C880822337}.Test|Any CPU.Build.0 = Release|Any CPU
		{455E7D70-1C85-4D7F-9F01-DC801B8B8C34}.Debug|Any CPU.ActiveCfg = Debug|Any CPU
		{455E7D70-1C85-4D7F-9F01-DC801B8B8C34}.Debug|Any CPU.Build.0 = Debug|Any CPU
		{455E7D70-1C85-4D7F-9F01-DC801B8B8C34}.Release|Any CPU.ActiveCfg = Release|Any CPU
		{455E7D70-1C85-4D7F-9F01-DC801B8B8C34}.Release|Any CPU.Build.0 = Release|Any CPU
		{455E7D70-1C85-4D7F-9F01-DC801B8B8C34}.Test|Any CPU.ActiveCfg = Test|Any CPU
		{455E7D70-1C85-4D7F-9F01-DC801B8B8C34}.Test|Any CPU.Build.0 = Test|Any CPU
		{D72FB62E-B3B4-45DF-BBD1-4E6A2B157427}.Debug|Any CPU.ActiveCfg = Debug|Any CPU
		{D72FB62E-B3B4-45DF-BBD1-4E6A2B157427}.Debug|Any CPU.Build.0 = Debug|Any CPU
		{D72FB62E-B3B4-45DF-BBD1-4E6A2B157427}.Release|Any CPU.ActiveCfg = Release|Any CPU
		{D72FB62E-B3B4-45DF-BBD1-4E6A2B157427}.Release|Any CPU.Build.0 = Release|Any CPU
		{D72FB62E-B3B4-45DF-BBD1-4E6A2B157427}.Test|Any CPU.ActiveCfg = Release|Any CPU
		{D72FB62E-B3B4-45DF-BBD1-4E6A2B157427}.Test|Any CPU.Build.0 = Release|Any CPU
		{9B8C4678-F66C-4590-BFD6-FBD34FE1844D}.Debug|Any CPU.ActiveCfg = Debug|Any CPU
		{9B8C4678-F66C-4590-BFD6-FBD34FE1844D}.Debug|Any CPU.Build.0 = Debug|Any CPU
		{9B8C4678-F66C-4590-BFD6-FBD34FE1844D}.Release|Any CPU.ActiveCfg = Release|Any CPU
		{9B8C4678-F66C-4590-BFD6-FBD34FE1844D}.Release|Any CPU.Build.0 = Release|Any CPU
		{9B8C4678-F66C-4590-BFD6-FBD34FE1844D}.Test|Any CPU.ActiveCfg = Release|Any CPU
		{9B8C4678-F66C-4590-BFD6-FBD34FE1844D}.Test|Any CPU.Build.0 = Release|Any CPU
		{462B3F24-B66D-457B-A5B0-AC111D76A815}.Debug|Any CPU.ActiveCfg = Debug|Any CPU
		{462B3F24-B66D-457B-A5B0-AC111D76A815}.Debug|Any CPU.Build.0 = Debug|Any CPU
		{462B3F24-B66D-457B-A5B0-AC111D76A815}.Release|Any CPU.ActiveCfg = Release|Any CPU
		{462B3F24-B66D-457B-A5B0-AC111D76A815}.Release|Any CPU.Build.0 = Release|Any CPU
		{462B3F24-B66D-457B-A5B0-AC111D76A815}.Test|Any CPU.ActiveCfg = Release|Any CPU
		{462B3F24-B66D-457B-A5B0-AC111D76A815}.Test|Any CPU.Build.0 = Release|Any CPU
		{EA756DC3-6B20-4F3F-84EE-CD5331902EE0}.Debug|Any CPU.ActiveCfg = Debug|Any CPU
		{EA756DC3-6B20-4F3F-84EE-CD5331902EE0}.Debug|Any CPU.Build.0 = Debug|Any CPU
		{EA756DC3-6B20-4F3F-84EE-CD5331902EE0}.Release|Any CPU.ActiveCfg = Release|Any CPU
		{EA756DC3-6B20-4F3F-84EE-CD5331902EE0}.Release|Any CPU.Build.0 = Release|Any CPU
		{EA756DC3-6B20-4F3F-84EE-CD5331902EE0}.Test|Any CPU.ActiveCfg = Release|Any CPU
		{EA756DC3-6B20-4F3F-84EE-CD5331902EE0}.Test|Any CPU.Build.0 = Release|Any CPU
		{680040D0-D3D5-40B8-9E45-314A18484691}.Debug|Any CPU.ActiveCfg = Debug|Any CPU
		{680040D0-D3D5-40B8-9E45-314A18484691}.Debug|Any CPU.Build.0 = Debug|Any CPU
		{680040D0-D3D5-40B8-9E45-314A18484691}.Release|Any CPU.ActiveCfg = Release|Any CPU
		{680040D0-D3D5-40B8-9E45-314A18484691}.Release|Any CPU.Build.0 = Release|Any CPU
		{680040D0-D3D5-40B8-9E45-314A18484691}.Test|Any CPU.ActiveCfg = Release|Any CPU
		{680040D0-D3D5-40B8-9E45-314A18484691}.Test|Any CPU.Build.0 = Release|Any CPU
		{1C08DC2B-547D-4B54-9CCE-AA8583B124F3}.Debug|Any CPU.ActiveCfg = Debug|Any CPU
		{1C08DC2B-547D-4B54-9CCE-AA8583B124F3}.Debug|Any CPU.Build.0 = Debug|Any CPU
		{1C08DC2B-547D-4B54-9CCE-AA8583B124F3}.Release|Any CPU.ActiveCfg = Release|Any CPU
		{1C08DC2B-547D-4B54-9CCE-AA8583B124F3}.Release|Any CPU.Build.0 = Release|Any CPU
		{1C08DC2B-547D-4B54-9CCE-AA8583B124F3}.Test|Any CPU.ActiveCfg = Release|Any CPU
		{1C08DC2B-547D-4B54-9CCE-AA8583B124F3}.Test|Any CPU.Build.0 = Release|Any CPU
		{DCAC103B-54A1-4807-8D21-9FF993C72957}.Debug|Any CPU.ActiveCfg = Debug|Any CPU
		{DCAC103B-54A1-4807-8D21-9FF993C72957}.Debug|Any CPU.Build.0 = Debug|Any CPU
		{DCAC103B-54A1-4807-8D21-9FF993C72957}.Release|Any CPU.ActiveCfg = Release|Any CPU
		{DCAC103B-54A1-4807-8D21-9FF993C72957}.Release|Any CPU.Build.0 = Release|Any CPU
		{DCAC103B-54A1-4807-8D21-9FF993C72957}.Test|Any CPU.ActiveCfg = Release|Any CPU
		{DCAC103B-54A1-4807-8D21-9FF993C72957}.Test|Any CPU.Build.0 = Release|Any CPU
		{081EE467-C8B3-4325-AD2F-5A4EAC430C51}.Debug|Any CPU.ActiveCfg = Debug|Any CPU
		{081EE467-C8B3-4325-AD2F-5A4EAC430C51}.Debug|Any CPU.Build.0 = Debug|Any CPU
		{081EE467-C8B3-4325-AD2F-5A4EAC430C51}.Release|Any CPU.ActiveCfg = Release|Any CPU
		{081EE467-C8B3-4325-AD2F-5A4EAC430C51}.Release|Any CPU.Build.0 = Release|Any CPU
		{081EE467-C8B3-4325-AD2F-5A4EAC430C51}.Test|Any CPU.ActiveCfg = Release|Any CPU
		{081EE467-C8B3-4325-AD2F-5A4EAC430C51}.Test|Any CPU.Build.0 = Release|Any CPU
		{51FF8724-2F5B-4AFA-B779-D9DA8E40B29D}.Debug|Any CPU.ActiveCfg = Debug|Any CPU
		{51FF8724-2F5B-4AFA-B779-D9DA8E40B29D}.Debug|Any CPU.Build.0 = Debug|Any CPU
		{51FF8724-2F5B-4AFA-B779-D9DA8E40B29D}.Release|Any CPU.ActiveCfg = Release|Any CPU
		{51FF8724-2F5B-4AFA-B779-D9DA8E40B29D}.Release|Any CPU.Build.0 = Release|Any CPU
		{51FF8724-2F5B-4AFA-B779-D9DA8E40B29D}.Test|Any CPU.ActiveCfg = Release|Any CPU
		{51FF8724-2F5B-4AFA-B779-D9DA8E40B29D}.Test|Any CPU.Build.0 = Release|Any CPU
		{7DC7BBE8-D854-4D55-A501-4F112F5C7D60}.Debug|Any CPU.ActiveCfg = Debug|Any CPU
		{7DC7BBE8-D854-4D55-A501-4F112F5C7D60}.Debug|Any CPU.Build.0 = Debug|Any CPU
		{7DC7BBE8-D854-4D55-A501-4F112F5C7D60}.Release|Any CPU.ActiveCfg = Release|Any CPU
		{7DC7BBE8-D854-4D55-A501-4F112F5C7D60}.Release|Any CPU.Build.0 = Release|Any CPU
		{7DC7BBE8-D854-4D55-A501-4F112F5C7D60}.Test|Any CPU.ActiveCfg = Release|Any CPU
		{7DC7BBE8-D854-4D55-A501-4F112F5C7D60}.Test|Any CPU.Build.0 = Release|Any CPU
		{699D25BB-C7AD-46AF-A054-2B775D64A829}.Debug|Any CPU.ActiveCfg = Debug|Any CPU
		{699D25BB-C7AD-46AF-A054-2B775D64A829}.Debug|Any CPU.Build.0 = Debug|Any CPU
		{699D25BB-C7AD-46AF-A054-2B775D64A829}.Release|Any CPU.ActiveCfg = Release|Any CPU
		{699D25BB-C7AD-46AF-A054-2B775D64A829}.Release|Any CPU.Build.0 = Release|Any CPU
		{699D25BB-C7AD-46AF-A054-2B775D64A829}.Test|Any CPU.ActiveCfg = Release|Any CPU
		{699D25BB-C7AD-46AF-A054-2B775D64A829}.Test|Any CPU.Build.0 = Release|Any CPU
		{7096F9C2-B34F-44C9-A14D-DF0E188CD69D}.Debug|Any CPU.ActiveCfg = Debug|Any CPU
		{7096F9C2-B34F-44C9-A14D-DF0E188CD69D}.Debug|Any CPU.Build.0 = Debug|Any CPU
		{7096F9C2-B34F-44C9-A14D-DF0E188CD69D}.Release|Any CPU.ActiveCfg = Release|Any CPU
		{7096F9C2-B34F-44C9-A14D-DF0E188CD69D}.Release|Any CPU.Build.0 = Release|Any CPU
		{7096F9C2-B34F-44C9-A14D-DF0E188CD69D}.Test|Any CPU.ActiveCfg = Release|Any CPU
		{7096F9C2-B34F-44C9-A14D-DF0E188CD69D}.Test|Any CPU.Build.0 = Release|Any CPU
		{6D6C8460-B38E-4061-9348-6BC1D8E8B5E8}.Debug|Any CPU.ActiveCfg = Debug|Any CPU
		{6D6C8460-B38E-4061-9348-6BC1D8E8B5E8}.Debug|Any CPU.Build.0 = Debug|Any CPU
		{6D6C8460-B38E-4061-9348-6BC1D8E8B5E8}.Release|Any CPU.ActiveCfg = Release|Any CPU
		{6D6C8460-B38E-4061-9348-6BC1D8E8B5E8}.Release|Any CPU.Build.0 = Release|Any CPU
		{6D6C8460-B38E-4061-9348-6BC1D8E8B5E8}.Test|Any CPU.ActiveCfg = Release|Any CPU
		{6D6C8460-B38E-4061-9348-6BC1D8E8B5E8}.Test|Any CPU.Build.0 = Release|Any CPU
		{D459FDB1-4BCA-4F87-B14D-7896F71507F2}.Debug|Any CPU.ActiveCfg = Debug|Any CPU
		{D459FDB1-4BCA-4F87-B14D-7896F71507F2}.Debug|Any CPU.Build.0 = Debug|Any CPU
		{D459FDB1-4BCA-4F87-B14D-7896F71507F2}.Release|Any CPU.ActiveCfg = Release|Any CPU
		{D459FDB1-4BCA-4F87-B14D-7896F71507F2}.Release|Any CPU.Build.0 = Release|Any CPU
		{D459FDB1-4BCA-4F87-B14D-7896F71507F2}.Test|Any CPU.ActiveCfg = Release|Any CPU
		{D459FDB1-4BCA-4F87-B14D-7896F71507F2}.Test|Any CPU.Build.0 = Release|Any CPU
		{49401843-F1DF-4337-B2A2-527CC7FBC2B9}.Debug|Any CPU.ActiveCfg = Debug|Any CPU
		{49401843-F1DF-4337-B2A2-527CC7FBC2B9}.Debug|Any CPU.Build.0 = Debug|Any CPU
		{49401843-F1DF-4337-B2A2-527CC7FBC2B9}.Release|Any CPU.ActiveCfg = Release|Any CPU
		{49401843-F1DF-4337-B2A2-527CC7FBC2B9}.Release|Any CPU.Build.0 = Release|Any CPU
		{49401843-F1DF-4337-B2A2-527CC7FBC2B9}.Test|Any CPU.ActiveCfg = Release|Any CPU
		{49401843-F1DF-4337-B2A2-527CC7FBC2B9}.Test|Any CPU.Build.0 = Release|Any CPU
		{8DE316C9-C686-436D-B523-85F614FEB5F4}.Debug|Any CPU.ActiveCfg = Debug|Any CPU
		{8DE316C9-C686-436D-B523-85F614FEB5F4}.Debug|Any CPU.Build.0 = Debug|Any CPU
		{8DE316C9-C686-436D-B523-85F614FEB5F4}.Release|Any CPU.ActiveCfg = Release|Any CPU
		{8DE316C9-C686-436D-B523-85F614FEB5F4}.Release|Any CPU.Build.0 = Release|Any CPU
		{8DE316C9-C686-436D-B523-85F614FEB5F4}.Test|Any CPU.ActiveCfg = Release|Any CPU
		{8DE316C9-C686-436D-B523-85F614FEB5F4}.Test|Any CPU.Build.0 = Release|Any CPU
		{0B5E5783-2F73-45EC-985D-781939A9849E}.Debug|Any CPU.ActiveCfg = Debug|Any CPU
		{0B5E5783-2F73-45EC-985D-781939A9849E}.Debug|Any CPU.Build.0 = Debug|Any CPU
		{0B5E5783-2F73-45EC-985D-781939A9849E}.Release|Any CPU.ActiveCfg = Release|Any CPU
		{0B5E5783-2F73-45EC-985D-781939A9849E}.Release|Any CPU.Build.0 = Release|Any CPU
		{0B5E5783-2F73-45EC-985D-781939A9849E}.Test|Any CPU.ActiveCfg = Release|Any CPU
		{0B5E5783-2F73-45EC-985D-781939A9849E}.Test|Any CPU.Build.0 = Release|Any CPU
		{CEA39B0C-2882-4A71-B07E-E116D04AD304}.Debug|Any CPU.ActiveCfg = Debug|Any CPU
		{CEA39B0C-2882-4A71-B07E-E116D04AD304}.Debug|Any CPU.Build.0 = Debug|Any CPU
		{CEA39B0C-2882-4A71-B07E-E116D04AD304}.Release|Any CPU.ActiveCfg = Release|Any CPU
		{CEA39B0C-2882-4A71-B07E-E116D04AD304}.Release|Any CPU.Build.0 = Release|Any CPU
		{CEA39B0C-2882-4A71-B07E-E116D04AD304}.Test|Any CPU.ActiveCfg = Release|Any CPU
		{CEA39B0C-2882-4A71-B07E-E116D04AD304}.Test|Any CPU.Build.0 = Release|Any CPU
		{99639DE3-CEC3-4074-90B7-EE07EA7757FE}.Debug|Any CPU.ActiveCfg = Debug|Any CPU
		{99639DE3-CEC3-4074-90B7-EE07EA7757FE}.Debug|Any CPU.Build.0 = Debug|Any CPU
		{99639DE3-CEC3-4074-90B7-EE07EA7757FE}.Release|Any CPU.ActiveCfg = Release|Any CPU
		{99639DE3-CEC3-4074-90B7-EE07EA7757FE}.Release|Any CPU.Build.0 = Release|Any CPU
		{99639DE3-CEC3-4074-90B7-EE07EA7757FE}.Test|Any CPU.ActiveCfg = Release|Any CPU
		{99639DE3-CEC3-4074-90B7-EE07EA7757FE}.Test|Any CPU.Build.0 = Release|Any CPU
	EndGlobalSection
	GlobalSection(SolutionProperties) = preSolution
		HideSolutionNode = FALSE
	EndGlobalSection
EndGlobal
